
Microsoft Visual Studio Solution File, Format Version 12.00
# Visual Studio Version 18
VisualStudioVersion = 18.1.11312.151
MinimumVisualStudioVersion = 10.0.40219.1
Project("{FAE04EC0-301F-11D3-BF4B-00C04F79EFBC}") = "OCPPServer", "OCPPServer\OCPPServer.csproj", "{9E3751F1-6FB4-4E6F-9BF0-D941A7A67780}"
EndProject
Global
	GlobalSection(SolutionConfigurationPlatforms) = preSolution
		Debug|Any CPU = Debug|Any CPU
		Release|Any CPU = Release|Any CPU
	EndGlobalSection
	GlobalSection(ProjectConfigurationPlatforms) = postSolution
		{9E3751F1-6FB4-4E6F-9BF0-D941A7A67780}.Debug|Any CPU.ActiveCfg = Debug|Any CPU
		{9E3751F1-6FB4-4E6F-9BF0-D941A7A67780}.Debug|Any CPU.Build.0 = Debug|Any CPU
		{9E3751F1-6FB4-4E6F-9BF0-D941A7A67780}.Release|Any CPU.ActiveCfg = Release|Any CPU
		{9E3751F1-6FB4-4E6F-9BF0-D941A7A67780}.Release|Any CPU.Build.0 = Release|Any CPU
	EndGlobalSection
	GlobalSection(SolutionProperties) = preSolution
		HideSolutionNode = FALSE
	EndGlobalSection
	GlobalSection(ExtensibilityGlobals) = postSolution
		SolutionGuid = {040D52E6-B730-4C13-AD37-58395F82EFC9}
	EndGlobalSection
EndGlobal
